
Microsoft Visual Studio Solution File, Format Version 12.00
# Visual Studio 15
VisualStudioVersion = 15.0.26730.12
MinimumVisualStudioVersion = 10.0.40219.1
Project("{FAE04EC0-301F-11D3-BF4B-00C04F79EFBC}") = "GenericDemo", "GenericDemo\GenericDemo.csproj", "{ED44F231-F229-4850-BC6B-5E5AF42DA815}"
EndProject
Global
	GlobalSection(SolutionConfigurationPlatforms) = preSolution
		Debug|Any CPU = Debug|Any CPU
		Release|Any CPU = Release|Any CPU
	EndGlobalSection
	GlobalSection(ProjectConfigurationPlatforms) = postSolution
		{ED44F231-F229-4850-BC6B-5E5AF42DA815}.Debug|Any CPU.ActiveCfg = Debug|Any CPU
		{ED44F231-F229-4850-BC6B-5E5AF42DA815}.Debug|Any CPU.Build.0 = Debug|Any CPU
		{ED44F231-F229-4850-BC6B-5E5AF42DA815}.Release|Any CPU.ActiveCfg = Release|Any CPU
		{ED44F231-F229-4850-BC6B-5E5AF42DA815}.Release|Any CPU.Build.0 = Release|Any CPU
	EndGlobalSection
	GlobalSection(SolutionProperties) = preSolution
		HideSolutionNode = FALSE
	EndGlobalSection
	GlobalSection(ExtensibilityGlobals) = postSolution
		SolutionGuid = {12E7B630-4618-4F9C-9442-D1AA707FE814}
	EndGlobalSection
EndGlobal
